
Microsoft Visual Studio Solution File, Format Version 12.00
# Visual Studio 2012
Project("{FAE04EC0-301F-11D3-BF4B-00C04F79EFBC}") = "LSAGTest", "LSAGTest\LSAGTest.csproj", "{B27916ED-1E8B-45BC-8599-D96242EC08B4}"
EndProject
Project("{FAE04EC0-301F-11D3-BF4B-00C04F79EFBC}") = "LSAG", "LSAG\LSAG.csproj", "{FC33B023-2EB4-4742-8262-C2DE37D08435}"
EndProject
Global
	GlobalSection(SolutionConfigurationPlatforms) = preSolution
		Debug|Any CPU = Debug|Any CPU
		Release|Any CPU = Release|Any CPU
	EndGlobalSection
	GlobalSection(ProjectConfigurationPlatforms) = postSolution
		{B27916ED-1E8B-45BC-8599-D96242EC08B4}.Debug|Any CPU.ActiveCfg = Debug|Any CPU
		{B27916ED-1E8B-45BC-8599-D96242EC08B4}.Debug|Any CPU.Build.0 = Debug|Any CPU
		{B27916ED-1E8B-45BC-8599-D96242EC08B4}.Release|Any CPU.ActiveCfg = Release|Any CPU
		{B27916ED-1E8B-45BC-8599-D96242EC08B4}.Release|Any CPU.Build.0 = Release|Any CPU
		{FC33B023-2EB4-4742-8262-C2DE37D08435}.Debug|Any CPU.ActiveCfg = Debug|Any CPU
		{FC33B023-2EB4-4742-8262-C2DE37D08435}.Debug|Any CPU.Build.0 = Debug|Any CPU
		{FC33B023-2EB4-4742-8262-C2DE37D08435}.Release|Any CPU.ActiveCfg = Release|Any CPU
		{FC33B023-2EB4-4742-8262-C2DE37D08435}.Release|Any CPU.Build.0 = Release|Any CPU
	EndGlobalSection
	GlobalSection(SolutionProperties) = preSolution
		HideSolutionNode = FALSE
	EndGlobalSection
EndGlobal
